
Microsoft Visual Studio Solution File, Format Version 12.00
# Visual Studio Version 17
VisualStudioVersion = 17.10.35122.118
MinimumVisualStudioVersion = 10.0.40219.1
Project("{FAE04EC0-301F-11D3-BF4B-00C04F79EFBC}") = "EsraaAtef_sun&wed_5PM_C#5", "EsraaAtef_sun&wed_5PM_C#5\EsraaAtef_sun&wed_5PM_C#5.csproj", "{F77479B8-3C4A-4169-B9DF-78CC519F2715}"
EndProject
Global
	GlobalSection(SolutionConfigurationPlatforms) = preSolution
		Debug|Any CPU = Debug|Any CPU
		Release|Any CPU = Release|Any CPU
	EndGlobalSection
	GlobalSection(ProjectConfigurationPlatforms) = postSolution
		{F77479B8-3C4A-4169-B9DF-78CC519F2715}.Debug|Any CPU.ActiveCfg = Debug|Any CPU
		{F77479B8-3C4A-4169-B9DF-78CC519F2715}.Debug|Any CPU.Build.0 = Debug|Any CPU
		{F77479B8-3C4A-4169-B9DF-78CC519F2715}.Release|Any CPU.ActiveCfg = Release|Any CPU
		{F77479B8-3C4A-4169-B9DF-78CC519F2715}.Release|Any CPU.Build.0 = Release|Any CPU
	EndGlobalSection
	GlobalSection(SolutionProperties) = preSolution
		HideSolutionNode = FALSE
	EndGlobalSection
	GlobalSection(ExtensibilityGlobals) = postSolution
		SolutionGuid = {52F2F040-E848-4095-B54B-3A806E084131}
	EndGlobalSection
EndGlobal
